// !$*UTF8*$!
{
	archiveVersion = 1;
	classes = {
	};
	objectVersion = 46;
	objects = {

/* Begin PBXBuildFile section */
		0EE2AD2A16813410003C347F /* UIKit.framework in Frameworks */ = {isa = PBXBuildFile; fileRef = 0EE2AD2916813410003C347F /* UIKit.framework */; };
		0EE2AD2C16813410003C347F /* Foundation.framework in Frameworks */ = {isa = PBXBuildFile; fileRef = 0EE2AD2B16813410003C347F /* Foundation.framework */; };
		0EE2AD2E16813410003C347F /* CoreGraphics.framework in Frameworks */ = {isa = PBXBuildFile; fileRef = 0EE2AD2D16813410003C347F /* CoreGraphics.framework */; };
		0EE2AD3416813410003C347F /* InfoPlist.strings in Resources */ = {isa = PBXBuildFile; fileRef = 0EE2AD3216813410003C347F /* InfoPlist.strings */; };
		0EE2AD3616813410003C347F /* main.m in Sources */ = {isa = PBXBuildFile; fileRef = 0EE2AD3516813410003C347F /* main.m */; };
		0EE2AD3A16813410003C347F /* AppDelegate.m in Sources */ = {isa = PBXBuildFile; fileRef = 0EE2AD3916813410003C347F /* AppDelegate.m */; };
		0EE2AD3C16813410003C347F /* Default.png in Resources */ = {isa = PBXBuildFile; fileRef = 0EE2AD3B16813410003C347F /* Default.png */; };
		0EE2AD3E16813410003C347F /* Default@2x.png in Resources */ = {isa = PBXBuildFile; fileRef = 0EE2AD3D16813410003C347F /* Default@2x.png */; };
		0EE2AD4016813410003C347F /* Default-568h@2x.png in Resources */ = {isa = PBXBuildFile; fileRef = 0EE2AD3F16813410003C347F /* Default-568h@2x.png */; };
		0EE2AD4316813410003C347F /* MainStoryboard.storyboard in Resources */ = {isa = PBXBuildFile; fileRef = 0EE2AD4116813410003C347F /* MainStoryboard.storyboard */; };
		0EE2AD4616813410003C347F /* ViewController.m in Sources */ = {isa = PBXBuildFile; fileRef = 0EE2AD4516813410003C347F /* ViewController.m */; };
		0EE2AD7216813967003C347F /* temp_small.png in Resources */ = {isa = PBXBuildFile; fileRef = 0EE2AD7116813967003C347F /* temp_small.png */; };
		0EE2AD741681396B003C347F /* temp_2x.png in Resources */ = {isa = PBXBuildFile; fileRef = 0EE2AD731681396B003C347F /* temp_2x.png */; };
/* End PBXBuildFile section */

/* Begin PBXFileReference section */
		0EE2AD2516813410003C347F /* PlayWithDistribution.app */ = {isa = PBXFileReference; explicitFileType = wrapper.application; includeInIndex = 0; path = PlayWithDistribution.app; sourceTree = BUILT_PRODUCTS_DIR; };
		0EE2AD2916813410003C347F /* UIKit.framework */ = {isa = PBXFileReference; lastKnownFileType = wrapper.framework; name = UIKit.framework; path = System/Library/Frameworks/UIKit.framework; sourceTree = SDKROOT; };
		0EE2AD2B16813410003C347F /* Foundation.framework */ = {isa = PBXFileReference; lastKnownFileType = wrapper.framework; name = Foundation.framework; path = System/Library/Frameworks/Foundation.framework; sourceTree = SDKROOT; };
		0EE2AD2D16813410003C347F /* CoreGraphics.framework */ = {isa = PBXFileReference; lastKnownFileType = wrapper.framework; name = CoreGraphics.framework; path = System/Library/Frameworks/CoreGraphics.framework; sourceTree = SDKROOT; };
		0EE2AD3116813410003C347F /* PlayWithDistribution-Info.plist */ = {isa = PBXFileReference; lastKnownFileType = text.plist.xml; path = "PlayWithDistribution-Info.plist"; sourceTree = "<group>"; };
		0EE2AD3316813410003C347F /* en */ = {isa = PBXFileReference; lastKnownFileType = text.plist.strings; name = en; path = en.lproj/InfoPlist.strings; sourceTree = "<group>"; };
		0EE2AD3516813410003C347F /* main.m */ = {isa = PBXFileReference; lastKnownFileType = sourcecode.c.objc; path = main.m; sourceTree = "<group>"; };
		0EE2AD3716813410003C347F /* PlayWithDistribution-Prefix.pch */ = {isa = PBXFileReference; lastKnownFileType = sourcecode.c.h; path = "PlayWithDistribution-Prefix.pch"; sourceTree = "<group>"; };
		0EE2AD3816813410003C347F /* AppDelegate.h */ = {isa = PBXFileReference; lastKnownFileType = sourcecode.c.h; path = AppDelegate.h; sourceTree = "<group>"; };
		0EE2AD3916813410003C347F /* AppDelegate.m */ = {isa = PBXFileReference; lastKnownFileType = sourcecode.c.objc; path = AppDelegate.m; sourceTree = "<group>"; };
		0EE2AD3B16813410003C347F /* Default.png */ = {isa = PBXFileReference; lastKnownFileType = image.png; path = Default.png; sourceTree = "<group>"; };
		0EE2AD3D16813410003C347F /* Default@2x.png */ = {isa = PBXFileReference; lastKnownFileType = image.png; path = "Default@2x.png"; sourceTree = "<group>"; };
		0EE2AD3F16813410003C347F /* Default-568h@2x.png */ = {isa = PBXFileReference; lastKnownFileType = image.png; path = "Default-568h@2x.png"; sourceTree = "<group>"; };
		0EE2AD4216813410003C347F /* en */ = {isa = PBXFileReference; lastKnownFileType = file.storyboard; name = en; path = en.lproj/MainStoryboard.storyboard; sourceTree = "<group>"; };
		0EE2AD4416813410003C347F /* ViewController.h */ = {isa = PBXFileReference; lastKnownFileType = sourcecode.c.h; path = ViewController.h; sourceTree = "<group>"; };
		0EE2AD4516813410003C347F /* ViewController.m */ = {isa = PBXFileReference; lastKnownFileType = sourcecode.c.objc; path = ViewController.m; sourceTree = "<group>"; };
		0EE2AD4D16813410003C347F /* SenTestingKit.framework */ = {isa = PBXFileReference; lastKnownFileType = wrapper.framework; name = SenTestingKit.framework; path = Library/Frameworks/SenTestingKit.framework; sourceTree = DEVELOPER_DIR; };
		0EE2AD7116813967003C347F /* temp_small.png */ = {isa = PBXFileReference; lastKnownFileType = image.png; name = temp_small.png; path = ../temp_small.png; sourceTree = "<group>"; };
		0EE2AD731681396B003C347F /* temp_2x.png */ = {isa = PBXFileReference; lastKnownFileType = image.png; name = temp_2x.png; path = ../temp_2x.png; sourceTree = "<group>"; };
/* End PBXFileReference section */

/* Begin PBXFrameworksBuildPhase section */
		0EE2AD2216813410003C347F /* Frameworks */ = {
			isa = PBXFrameworksBuildPhase;
			buildActionMask = 2147483647;
			files = (
				0EE2AD2A16813410003C347F /* UIKit.framework in Frameworks */,
				0EE2AD2C16813410003C347F /* Foundation.framework in Frameworks */,
				0EE2AD2E16813410003C347F /* CoreGraphics.framework in Frameworks */,
			);
			runOnlyForDeploymentPostprocessing = 0;
		};
/* End PBXFrameworksBuildPhase section */

/* Begin PBXGroup section */
		0EE2AD1A16813410003C347F = {
			isa = PBXGroup;
			children = (
				0EE2AD2F16813410003C347F /* PlayWithDistribution */,
				0EE2AD2816813410003C347F /* Frameworks */,
				0EE2AD2616813410003C347F /* Products */,
			);
			sourceTree = "<group>";
		};
		0EE2AD2616813410003C347F /* Products */ = {
			isa = PBXGroup;
			children = (
				0EE2AD2516813410003C347F /* PlayWithDistribution.app */,
			);
			name = Products;
			sourceTree = "<group>";
		};
		0EE2AD2816813410003C347F /* Frameworks */ = {
			isa = PBXGroup;
			children = (
				0EE2AD2916813410003C347F /* UIKit.framework */,
				0EE2AD2B16813410003C347F /* Foundation.framework */,
				0EE2AD2D16813410003C347F /* CoreGraphics.framework */,
				0EE2AD4D16813410003C347F /* SenTestingKit.framework */,
			);
			name = Frameworks;
			sourceTree = "<group>";
		};
		0EE2AD2F16813410003C347F /* PlayWithDistribution */ = {
			isa = PBXGroup;
			children = (
				0EE2AD3816813410003C347F /* AppDelegate.h */,
				0EE2AD3916813410003C347F /* AppDelegate.m */,
				0EE2AD4116813410003C347F /* MainStoryboard.storyboard */,
				0EE2AD4416813410003C347F /* ViewController.h */,
				0EE2AD4516813410003C347F /* ViewController.m */,
				0EE2AD3016813410003C347F /* Supporting Files */,
			);
			path = PlayWithDistribution;
			sourceTree = "<group>";
		};
		0EE2AD3016813410003C347F /* Supporting Files */ = {
			isa = PBXGroup;
			children = (
				0EE2AD731681396B003C347F /* temp_2x.png */,
				0EE2AD7116813967003C347F /* temp_small.png */,
				0EE2AD3116813410003C347F /* PlayWithDistribution-Info.plist */,
				0EE2AD3216813410003C347F /* InfoPlist.strings */,
				0EE2AD3516813410003C347F /* main.m */,
				0EE2AD3716813410003C347F /* PlayWithDistribution-Prefix.pch */,
				0EE2AD3B16813410003C347F /* Default.png */,
				0EE2AD3D16813410003C347F /* Default@2x.png */,
				0EE2AD3F16813410003C347F /* Default-568h@2x.png */,
			);
			name = "Supporting Files";
			sourceTree = "<group>";
		};
/* End PBXGroup section */

/* Begin PBXNativeTarget section */
		0EE2AD2416813410003C347F /* PlayWithDistribution */ = {
			isa = PBXNativeTarget;
			buildConfigurationList = 0EE2AD5E16813410003C347F /* Build configuration list for PBXNativeTarget "PlayWithDistribution" */;
			buildPhases = (
				0EE2AD2116813410003C347F /* Sources */,
				0EE2AD2216813410003C347F /* Frameworks */,
				0EE2AD2316813410003C347F /* Resources */,
			);
			buildRules = (
			);
			dependencies = (
			);
			name = PlayWithDistribution;
			productName = PlayWithDistribution;
			productReference = 0EE2AD2516813410003C347F /* PlayWithDistribution.app */;
			productType = "com.apple.product-type.application";
		};
/* End PBXNativeTarget section */

/* Begin PBXProject section */
		0EE2AD1C16813410003C347F /* Project object */ = {
			isa = PBXProject;
			attributes = {
				LastUpgradeCheck = 0450;
				ORGANIZATIONNAME = "Cloud Drive";
			};
			buildConfigurationList = 0EE2AD1F16813410003C347F /* Build configuration list for PBXProject "PlayWithDistribution" */;
			compatibilityVersion = "Xcode 3.2";
			developmentRegion = English;
			hasScannedForEncodings = 0;
			knownRegions = (
				en,
			);
			mainGroup = 0EE2AD1A16813410003C347F;
			productRefGroup = 0EE2AD2616813410003C347F /* Products */;
			projectDirPath = "";
			projectRoot = "";
			targets = (
				0EE2AD2416813410003C347F /* PlayWithDistribution */,
			);
		};
/* End PBXProject section */

/* Begin PBXResourcesBuildPhase section */
		0EE2AD2316813410003C347F /* Resources */ = {
			isa = PBXResourcesBuildPhase;
			buildActionMask = 2147483647;
			files = (
				0EE2AD3416813410003C347F /* InfoPlist.strings in Resources */,
				0EE2AD3C16813410003C347F /* Default.png in Resources */,
				0EE2AD3E16813410003C347F /* Default@2x.png in Resources */,
				0EE2AD4016813410003C347F /* Default-568h@2x.png in Resources */,
				0EE2AD4316813410003C347F /* MainStoryboard.storyboard in Resources */,
				0EE2AD7216813967003C347F /* temp_small.png in Resources */,
				0EE2AD741681396B003C347F /* temp_2x.png in Resources */,
			);
			runOnlyForDeploymentPostprocessing = 0;
		};
/* End PBXResourcesBuildPhase section */

/* Begin PBXSourcesBuildPhase section */
		0EE2AD2116813410003C347F /* Sources */ = {
			isa = PBXSourcesBuildPhase;
			buildActionMask = 2147483647;
			files = (
				0EE2AD3616813410003C347F /* main.m in Sources */,
				0EE2AD3A16813410003C347F /* AppDelegate.m in Sources */,
				0EE2AD4616813410003C347F /* ViewController.m in Sources */,
			);
			runOnlyForDeploymentPostprocessing = 0;
		};
/* End PBXSourcesBuildPhase section */

/* Begin PBXVariantGroup section */
		0EE2AD3216813410003C347F /* InfoPlist.strings */ = {
			isa = PBXVariantGroup;
			children = (
				0EE2AD3316813410003C347F /* en */,
			);
			name = InfoPlist.strings;
			sourceTree = "<group>";
		};
		0EE2AD4116813410003C347F /* MainStoryboard.storyboard */ = {
			isa = PBXVariantGroup;
			children = (
				0EE2AD4216813410003C347F /* en */,
			);
			name = MainStoryboard.storyboard;
			sourceTree = "<group>";
		};
/* End PBXVariantGroup section */

/* Begin XCBuildConfiguration section */
		0EE2AD5C16813410003C347F /* Debug */ = {
			isa = XCBuildConfiguration;
			buildSettings = {
				ALWAYS_SEARCH_USER_PATHS = NO;
				CLANG_CXX_LANGUAGE_STANDARD = "gnu++0x";
				CLANG_CXX_LIBRARY = "libc++";
				CLANG_ENABLE_OBJC_ARC = YES;
				CLANG_WARN_EMPTY_BODY = YES;
				CLANG_WARN__DUPLICATE_METHOD_MATCH = YES;
				COPY_PHASE_STRIP = NO;
				GCC_C_LANGUAGE_STANDARD = gnu99;
				GCC_DYNAMIC_NO_PIC = NO;
				GCC_OPTIMIZATION_LEVEL = 0;
				GCC_PREPROCESSOR_DEFINITIONS = (
					"DEBUG=1",
					"$(inherited)",
				);
				GCC_SYMBOLS_PRIVATE_EXTERN = NO;
				GCC_WARN_ABOUT_RETURN_TYPE = YES;
				GCC_WARN_UNINITIALIZED_AUTOS = YES;
				GCC_WARN_UNUSED_VARIABLE = YES;
				IPHONEOS_DEPLOYMENT_TARGET = 5.0;
				ONLY_ACTIVE_ARCH = YES;
				SDKROOT = iphoneos;
			};
			name = Debug;
		};
		0EE2AD5D16813410003C347F /* Release */ = {
			isa = XCBuildConfiguration;
			buildSettings = {
				ALWAYS_SEARCH_USER_PATHS = NO;
				CLANG_CXX_LANGUAGE_STANDARD = "gnu++0x";
				CLANG_CXX_LIBRARY = "libc++";
				CLANG_ENABLE_OBJC_ARC = YES;
				CLANG_WARN_EMPTY_BODY = YES;
				CLANG_WARN__DUPLICATE_METHOD_MATCH = YES;
				CODE_SIGN_IDENTITY = "iPhone Distribution";
				COPY_PHASE_STRIP = YES;
				GCC_C_LANGUAGE_STANDARD = gnu99;
				GCC_WARN_ABOUT_RETURN_TYPE = YES;
				GCC_WARN_UNINITIALIZED_AUTOS = YES;
				GCC_WARN_UNUSED_VARIABLE = YES;
				IPHONEOS_DEPLOYMENT_TARGET = 5.0;
				OTHER_CFLAGS = "-DNS_BLOCK_ASSERTIONS=1";
				PROVISIONING_PROFILE = "";
				SDKROOT = iphoneos;
				VALIDATE_PRODUCT = YES;
			};
			name = Release;
		};
		0EE2AD5F16813410003C347F /* Debug */ = {
			isa = XCBuildConfiguration;
			buildSettings = {
				ARCHS = armv7;
				CODE_SIGN_IDENTITY = "iPhone Distribution: Amazon.com, Inc";
				"CODE_SIGN_IDENTITY[sdk=*]" = "iPhone Distribution: Amazon.com, Inc";
				GCC_PRECOMPILE_PREFIX_HEADER = YES;
				GCC_PREFIX_HEADER = "PlayWithDistribution/PlayWithDistribution-Prefix.pch";
				INFOPLIST_FILE = "PlayWithDistribution/PlayWithDistribution-Info.plist";
				IPHONEOS_DEPLOYMENT_TARGET = 5.0;
				PRODUCT_NAME = "$(TARGET_NAME)";
				PROVISIONING_PROFILE = "B539C272-DB36-44FC-BE11-9FC57D804CA6";
				"PROVISIONING_PROFILE[sdk=*]" = "B539C272-DB36-44FC-BE11-9FC57D804CA6";
				SDKROOT = iphoneos;
				VALID_ARCHS = armv7;
				WRAPPER_EXTENSION = app;
			};
			name = Debug;
		};
		0EE2AD6016813410003C347F /* Release */ = {
			isa = XCBuildConfiguration;
			buildSettings = {
				ARCHS = armv7;
				CODE_SIGN_IDENTITY = "iPhone Distribution: Amazon.com, Inc";
				"CODE_SIGN_IDENTITY[sdk=iphoneos*]" = "iPhone Distribution: Amazon.com, Inc";
				GCC_PRECOMPILE_PREFIX_HEADER = YES;
				GCC_PREFIX_HEADER = "PlayWithDistribution/PlayWithDistribution-Prefix.pch";
				INFOPLIST_FILE = "PlayWithDistribution/PlayWithDistribution-Info.plist";
				IPHONEOS_DEPLOYMENT_TARGET = 5.0;
				PRODUCT_NAME = "$(TARGET_NAME)";
				PROVISIONING_PROFILE = "B539C272-DB36-44FC-BE11-9FC57D804CA6";
				"PROVISIONING_PROFILE[sdk=iphoneos*]" = "B539C272-DB36-44FC-BE11-9FC57D804CA6";
				SDKROOT = iphoneos;
				VALID_ARCHS = armv7;
				WRAPPER_EXTENSION = app;
			};
			name = Release;
		};
/* End XCBuildConfiguration section */

/* Begin XCConfigurationList section */
		0EE2AD1F16813410003C347F /* Build configuration list for PBXProject "PlayWithDistribution" */ = {
			isa = XCConfigurationList;
			buildConfigurations = (
				0EE2AD5C16813410003C347F /* Debug */,
				0EE2AD5D16813410003C347F /* Release */,
			);
			defaultConfigurationIsVisible = 0;
			defaultConfigurationName = Release;
		};
		0EE2AD5E16813410003C347F /* Build configuration list for PBXNativeTarget "PlayWithDistribution" */ = {
			isa = XCConfigurationList;
			buildConfigurations = (
				0EE2AD5F16813410003C347F /* Debug */,
				0EE2AD6016813410003C347F /* Release */,
			);
			defaultConfigurationIsVisible = 0;
			defaultConfigurationName = Release;
		};
/* End XCConfigurationList section */
	};
	rootObject = 0EE2AD1C16813410003C347F /* Project object */;
}
